
Microsoft Visual Studio Solution File, Format Version 12.00
# Visual Studio Version 16
VisualStudioVersion = 16.0.30804.86
MinimumVisualStudioVersion = 10.0.40219.1
Project("{FAE04EC0-301F-11D3-BF4B-00C04F79EFBC}") = "HyperSpoofer", "HyperSpoofer\HyperSpoofer.csproj", "{CED646E0-110D-4540-982F-3309914F84C0}"
EndProject
Global
	GlobalSection(SolutionConfigurationPlatforms) = preSolution
		Debug|Any CPU = Debug|Any CPU
		Release|Any CPU = Release|Any CPU
	EndGlobalSection
	GlobalSection(ProjectConfigurationPlatforms) = postSolution
		{CED646E0-110D-4540-982F-3309914F84C0}.Debug|Any CPU.ActiveCfg = Debug|Any CPU
		{CED646E0-110D-4540-982F-3309914F84C0}.Debug|Any CPU.Build.0 = Debug|Any CPU
		{CED646E0-110D-4540-982F-3309914F84C0}.Release|Any CPU.ActiveCfg = Release|Any CPU
		{CED646E0-110D-4540-982F-3309914F84C0}.Release|Any CPU.Build.0 = Release|Any CPU
	EndGlobalSection
	GlobalSection(SolutionProperties) = preSolution
		HideSolutionNode = FALSE
	EndGlobalSection
	GlobalSection(ExtensibilityGlobals) = postSolution
		SolutionGuid = {E2EB51A7-045C-4D86-8081-2555932272E3}
	EndGlobalSection
EndGlobal
